
Microsoft Visual Studio Solution File, Format Version 12.00
# Visual Studio 15
VisualStudioVersion = 15.0.28307.645
MinimumVisualStudioVersion = 10.0.40219.1
Project("{FAE04EC0-301F-11D3-BF4B-00C04F79EFBC}") = "PrintDatesRangeV2.0", "PrintDatesRangeV2.0\PrintDatesRangeV2.0.csproj", "{436A7EF0-D299-4117-8146-87CACC076E33}"
EndProject
Project("{FAE04EC0-301F-11D3-BF4B-00C04F79EFBC}") = "PrintDatesRangeV2.0Tests", "PrintDatesRangeV2.0Tests\PrintDatesRangeV2.0Tests.csproj", "{389AAB0C-2146-4F40-9421-E49521051264}"
EndProject
Global
	GlobalSection(SolutionConfigurationPlatforms) = preSolution
		Debug|Any CPU = Debug|Any CPU
		Release|Any CPU = Release|Any CPU
	EndGlobalSection
	GlobalSection(ProjectConfigurationPlatforms) = postSolution
		{436A7EF0-D299-4117-8146-87CACC076E33}.Debug|Any CPU.ActiveCfg = Debug|Any CPU
		{436A7EF0-D299-4117-8146-87CACC076E33}.Debug|Any CPU.Build.0 = Debug|Any CPU
		{436A7EF0-D299-4117-8146-87CACC076E33}.Release|Any CPU.ActiveCfg = Release|Any CPU
		{436A7EF0-D299-4117-8146-87CACC076E33}.Release|Any CPU.Build.0 = Release|Any CPU
		{389AAB0C-2146-4F40-9421-E49521051264}.Debug|Any CPU.ActiveCfg = Debug|Any CPU
		{389AAB0C-2146-4F40-9421-E49521051264}.Debug|Any CPU.Build.0 = Debug|Any CPU
		{389AAB0C-2146-4F40-9421-E49521051264}.Release|Any CPU.ActiveCfg = Release|Any CPU
		{389AAB0C-2146-4F40-9421-E49521051264}.Release|Any CPU.Build.0 = Release|Any CPU
	EndGlobalSection
	GlobalSection(SolutionProperties) = preSolution
		HideSolutionNode = FALSE
	EndGlobalSection
	GlobalSection(ExtensibilityGlobals) = postSolution
		SolutionGuid = {ED5C1970-0014-4B60-868F-1AB72366F178}
	EndGlobalSection
EndGlobal
